
Microsoft Visual Studio Solution File, Format Version 12.00
# Visual Studio 14
VisualStudioVersion = 14.0.25420.1
MinimumVisualStudioVersion = 10.0.40219.1
Project("{FAE04EC0-301F-11D3-BF4B-00C04F79EFBC}") = "MyFirstProjectOnGit", "MyFirstProjectOnGit\MyFirstProjectOnGit.csproj", "{714A50E6-E79F-44AA-91D2-3701FBB988DB}"
EndProject
Global
	GlobalSection(SolutionConfigurationPlatforms) = preSolution
		Debug|Any CPU = Debug|Any CPU
		Release|Any CPU = Release|Any CPU
	EndGlobalSection
	GlobalSection(ProjectConfigurationPlatforms) = postSolution
		{714A50E6-E79F-44AA-91D2-3701FBB988DB}.Debug|Any CPU.ActiveCfg = Debug|Any CPU
		{714A50E6-E79F-44AA-91D2-3701FBB988DB}.Debug|Any CPU.Build.0 = Debug|Any CPU
		{714A50E6-E79F-44AA-91D2-3701FBB988DB}.Release|Any CPU.ActiveCfg = Release|Any CPU
		{714A50E6-E79F-44AA-91D2-3701FBB988DB}.Release|Any CPU.Build.0 = Release|Any CPU
	EndGlobalSection
	GlobalSection(SolutionProperties) = preSolution
		HideSolutionNode = FALSE
	EndGlobalSection
EndGlobal
